
Microsoft Visual Studio Solution File, Format Version 12.00
# Visual Studio 15
VisualStudioVersion = 15.0.28307.136
MinimumVisualStudioVersion = 10.0.40219.1
Project("{FAE04EC0-301F-11D3-BF4B-00C04F79EFBC}") = "ServerCC", "ServerCC\ServerCC.csproj", "{918A4AFC-5064-459C-8337-47E28F5BD2FE}"
EndProject
Project("{FAE04EC0-301F-11D3-BF4B-00C04F79EFBC}") = "DataLayer", "DataLayer\DataLayer.csproj", "{61001629-4AA2-45CD-81DA-87990C857456}"
EndProject
Global
	GlobalSection(SolutionConfigurationPlatforms) = preSolution
		Debug|Any CPU = Debug|Any CPU
		Release|Any CPU = Release|Any CPU
	EndGlobalSection
	GlobalSection(ProjectConfigurationPlatforms) = postSolution
		{918A4AFC-5064-459C-8337-47E28F5BD2FE}.Debug|Any CPU.ActiveCfg = Debug|Any CPU
		{918A4AFC-5064-459C-8337-47E28F5BD2FE}.Debug|Any CPU.Build.0 = Debug|Any CPU
		{918A4AFC-5064-459C-8337-47E28F5BD2FE}.Release|Any CPU.ActiveCfg = Release|Any CPU
		{918A4AFC-5064-459C-8337-47E28F5BD2FE}.Release|Any CPU.Build.0 = Release|Any CPU
		{61001629-4AA2-45CD-81DA-87990C857456}.Debug|Any CPU.ActiveCfg = Debug|Any CPU
		{61001629-4AA2-45CD-81DA-87990C857456}.Debug|Any CPU.Build.0 = Debug|Any CPU
		{61001629-4AA2-45CD-81DA-87990C857456}.Release|Any CPU.ActiveCfg = Release|Any CPU
		{61001629-4AA2-45CD-81DA-87990C857456}.Release|Any CPU.Build.0 = Release|Any CPU
	EndGlobalSection
	GlobalSection(SolutionProperties) = preSolution
		HideSolutionNode = FALSE
	EndGlobalSection
	GlobalSection(ExtensibilityGlobals) = postSolution
		SolutionGuid = {892BEA2C-CD35-4FB8-9FB1-BE77AD28DB3D}
	EndGlobalSection
EndGlobal
